
Microsoft Visual Studio Solution File, Format Version 12.00
# Visual Studio Version 17
VisualStudioVersion = 17.14.36518.9 d17.14
MinimumVisualStudioVersion = 10.0.40219.1
Project("{FAE04EC0-301F-11D3-BF4B-00C04F79EFBC}") = "PersonalMathLib", "PersonalMathLib\PersonalMathLib.csproj", "{A4356E84-2705-4408-9C9B-ACEE99386AAE}"
EndProject
Global
	GlobalSection(SolutionConfigurationPlatforms) = preSolution
		Debug|Any CPU = Debug|Any CPU
		Release|Any CPU = Release|Any CPU
	EndGlobalSection
	GlobalSection(ProjectConfigurationPlatforms) = postSolution
		{A4356E84-2705-4408-9C9B-ACEE99386AAE}.Debug|Any CPU.ActiveCfg = Debug|Any CPU
		{A4356E84-2705-4408-9C9B-ACEE99386AAE}.Debug|Any CPU.Build.0 = Debug|Any CPU
		{A4356E84-2705-4408-9C9B-ACEE99386AAE}.Release|Any CPU.ActiveCfg = Release|Any CPU
		{A4356E84-2705-4408-9C9B-ACEE99386AAE}.Release|Any CPU.Build.0 = Release|Any CPU
	EndGlobalSection
	GlobalSection(SolutionProperties) = preSolution
		HideSolutionNode = FALSE
	EndGlobalSection
	GlobalSection(ExtensibilityGlobals) = postSolution
		SolutionGuid = {86970124-7D9B-47C8-BC14-2B51BF96BF88}
	EndGlobalSection
EndGlobal
